
Microsoft Visual Studio Solution File, Format Version 12.00
# Visual Studio Version 17
VisualStudioVersion = 17.0.32112.339
MinimumVisualStudioVersion = 10.0.40219.1
Project("{FAE04EC0-301F-11D3-BF4B-00C04F79EFBC}") = "CSharpToNativeTest", "CSharpToNativeTest\CSharpToNativeTest.csproj", "{38CE61E0-0B78-44F4-BC59-B3C8BD87C334}"
EndProject
Project("{8BC9CEB8-8B4A-11D0-8D11-00A0C91BC942}") = "NativeLibrary", "NativeLibrary\NativeLibrary.vcxproj", "{93CCE398-FE8E-4A54-AE2B-3AE7C01FB970}"
EndProject
Global
	GlobalSection(SolutionConfigurationPlatforms) = preSolution
		Debug|Any CPU = Debug|Any CPU
		Debug|x64 = Debug|x64
		Debug|x86 = Debug|x86
		Release|Any CPU = Release|Any CPU
		Release|x64 = Release|x64
		Release|x86 = Release|x86
	EndGlobalSection
	GlobalSection(ProjectConfigurationPlatforms) = postSolution
		{38CE61E0-0B78-44F4-BC59-B3C8BD87C334}.Debug|Any CPU.ActiveCfg = Debug|Any CPU
		{38CE61E0-0B78-44F4-BC59-B3C8BD87C334}.Debug|Any CPU.Build.0 = Debug|Any CPU
		{38CE61E0-0B78-44F4-BC59-B3C8BD87C334}.Debug|x64.ActiveCfg = Debug|Any CPU
		{38CE61E0-0B78-44F4-BC59-B3C8BD87C334}.Debug|x64.Build.0 = Debug|Any CPU
		{38CE61E0-0B78-44F4-BC59-B3C8BD87C334}.Debug|x86.ActiveCfg = Debug|Any CPU
		{38CE61E0-0B78-44F4-BC59-B3C8BD87C334}.Debug|x86.Build.0 = Debug|Any CPU
		{38CE61E0-0B78-44F4-BC59-B3C8BD87C334}.Release|Any CPU.ActiveCfg = Release|Any CPU
		{38CE61E0-0B78-44F4-BC59-B3C8BD87C334}.Release|Any CPU.Build.0 = Release|Any CPU
		{38CE61E0-0B78-44F4-BC59-B3C8BD87C334}.Release|x64.ActiveCfg = Release|Any CPU
		{38CE61E0-0B78-44F4-BC59-B3C8BD87C334}.Release|x64.Build.0 = Release|Any CPU
		{38CE61E0-0B78-44F4-BC59-B3C8BD87C334}.Release|x86.ActiveCfg = Release|Any CPU
		{38CE61E0-0B78-44F4-BC59-B3C8BD87C334}.Release|x86.Build.0 = Release|Any CPU
		{93CCE398-FE8E-4A54-AE2B-3AE7C01FB970}.Debug|Any CPU.ActiveCfg = Debug|x64
		{93CCE398-FE8E-4A54-AE2B-3AE7C01FB970}.Debug|Any CPU.Build.0 = Debug|x64
		{93CCE398-FE8E-4A54-AE2B-3AE7C01FB970}.Debug|x64.ActiveCfg = Debug|x64
		{93CCE398-FE8E-4A54-AE2B-3AE7C01FB970}.Debug|x64.Build.0 = Debug|x64
		{93CCE398-FE8E-4A54-AE2B-3AE7C01FB970}.Debug|x86.ActiveCfg = Debug|Win32
		{93CCE398-FE8E-4A54-AE2B-3AE7C01FB970}.Debug|x86.Build.0 = Debug|Win32
		{93CCE398-FE8E-4A54-AE2B-3AE7C01FB970}.Release|Any CPU.ActiveCfg = Release|x64
		{93CCE398-FE8E-4A54-AE2B-3AE7C01FB970}.Release|Any CPU.Build.0 = Release|x64
		{93CCE398-FE8E-4A54-AE2B-3AE7C01FB970}.Release|x64.ActiveCfg = Release|x64
		{93CCE398-FE8E-4A54-AE2B-3AE7C01FB970}.Release|x64.Build.0 = Release|x64
		{93CCE398-FE8E-4A54-AE2B-3AE7C01FB970}.Release|x86.ActiveCfg = Release|Win32
		{93CCE398-FE8E-4A54-AE2B-3AE7C01FB970}.Release|x86.Build.0 = Release|Win32
	EndGlobalSection
	GlobalSection(SolutionProperties) = preSolution
		HideSolutionNode = FALSE
	EndGlobalSection
	GlobalSection(ExtensibilityGlobals) = postSolution
		SolutionGuid = {992C4766-35FD-4504-BD09-E13DA3EF8677}
	EndGlobalSection
EndGlobal
