
Microsoft Visual Studio Solution File, Format Version 12.00
# Visual Studio Version 17
VisualStudioVersion = 17.0.32112.339
MinimumVisualStudioVersion = 10.0.40219.1
Project("{9A19103F-16F7-4668-BE54-9A1E7A4F7556}") = "CSharpToNativeTest", "CSharpToNativeTest\CSharpToNativeTest.csproj", "{38CE61E0-0B78-44F4-BC59-B3C8BD87C334}"
EndProject
Project("{8BC9CEB8-8B4A-11D0-8D11-00A0C91BC942}") = "NativeLibrary", "NativeLibrary\NativeLibrary.vcxproj", "{93CCE398-FE8E-4A54-AE2B-3AE7C01FB970}"
EndProject
Project("{2150E333-8FDC-42A3-9474-1A3956D46DE8}") = "Solution Items", "Solution Items", "{5700A9AA-5CA8-4753-84E8-BCB81AEA379C}"
	ProjectSection(SolutionItems) = preProject
		Readme.md = Readme.md
	EndProjectSection
EndProject
Project("{9A19103F-16F7-4668-BE54-9A1E7A4F7556}") = "NativeSupportLibrary", "NativeSupportLibrary\NativeSupportLibrary.csproj", "{779CBB8B-55B1-43AD-AB73-F0DB42271839}"
EndProject
Project("{9A19103F-16F7-4668-BE54-9A1E7A4F7556}") = "NativeSupporLibraryTest", "NativeSupporLibraryTest\NativeSupporLibraryTest.csproj", "{581404C0-464C-45FB-8F91-F666E1F0C5C7}"
	ProjectSection(ProjectDependencies) = postProject
		{93CCE398-FE8E-4A54-AE2B-3AE7C01FB970} = {93CCE398-FE8E-4A54-AE2B-3AE7C01FB970}
	EndProjectSection
EndProject
Project("{8BC9CEB8-8B4A-11D0-8D11-00A0C91BC942}") = "NativeStructureAnalysis", "NativeStructureAnalysis\NativeStructureAnalysis.vcxproj", "{B6B23996-1709-4B95-8AF4-82F58627A100}"
EndProject
Project("{9A19103F-16F7-4668-BE54-9A1E7A4F7556}") = "NativeCalls", "NativeCalls\NativeCalls.csproj", "{37F1FF76-3D10-4F49-9F31-817444CD1002}"
EndProject
Project("{9A19103F-16F7-4668-BE54-9A1E7A4F7556}") = "USNJournalTest", "USNJournalTest\USNJournalTest.csproj", "{6F2042A2-5B59-46F0-9F41-ED26E2C50FDB}"
EndProject
Project("{9A19103F-16F7-4668-BE54-9A1E7A4F7556}") = "USNJournalLibrary", "USNJournal\USNJournalLibrary.csproj", "{004F2A48-E919-49FB-876D-BB046BA940CD}"
EndProject
Project("{9A19103F-16F7-4668-BE54-9A1E7A4F7556}") = "MountManagerLibrary", "MountManagerLibrary\MountManagerLibrary.csproj", "{3841386C-CDEC-45DB-A1F9-B1F08DDADB75}"
EndProject
Project("{9A19103F-16F7-4668-BE54-9A1E7A4F7556}") = "MountManagerTest", "MountManagerTest\MountManagerTest.csproj", "{702F7E81-C279-485F-A0DB-95CF22E5B23C}"
EndProject
Project("{9A19103F-16F7-4668-BE54-9A1E7A4F7556}") = "MongoDBTest", "MongoDBTest\MongoDBTest.csproj", "{E389BB9F-B706-4A6E-BF0D-3059C1695B50}"
EndProject
Project("{9A19103F-16F7-4668-BE54-9A1E7A4F7556}") = "MongoSample", "MongoSample\MongoSample.csproj", "{29376276-7D57-4D65-AF12-4DB7D6AE36B3}"
EndProject
Project("{FAE04EC0-301F-11D3-BF4B-00C04F79EFBC}") = "Indaleko", "IndalekoRecord\Indaleko.csproj", "{1B7E2CA4-28A3-4669-9940-8AA81C8DD9DC}"
EndProject
Global
	GlobalSection(SolutionConfigurationPlatforms) = preSolution
		Debug|Any CPU = Debug|Any CPU
		Debug|ARM = Debug|ARM
		Debug|ARM64 = Debug|ARM64
		Debug|x64 = Debug|x64
		Debug|x86 = Debug|x86
		Release|Any CPU = Release|Any CPU
		Release|ARM = Release|ARM
		Release|ARM64 = Release|ARM64
		Release|x64 = Release|x64
		Release|x86 = Release|x86
	EndGlobalSection
	GlobalSection(ProjectConfigurationPlatforms) = postSolution
		{38CE61E0-0B78-44F4-BC59-B3C8BD87C334}.Debug|Any CPU.ActiveCfg = Debug|Any CPU
		{38CE61E0-0B78-44F4-BC59-B3C8BD87C334}.Debug|Any CPU.Build.0 = Debug|Any CPU
		{38CE61E0-0B78-44F4-BC59-B3C8BD87C334}.Debug|ARM.ActiveCfg = Debug|Any CPU
		{38CE61E0-0B78-44F4-BC59-B3C8BD87C334}.Debug|ARM.Build.0 = Debug|Any CPU
		{38CE61E0-0B78-44F4-BC59-B3C8BD87C334}.Debug|ARM64.ActiveCfg = Debug|Any CPU
		{38CE61E0-0B78-44F4-BC59-B3C8BD87C334}.Debug|ARM64.Build.0 = Debug|Any CPU
		{38CE61E0-0B78-44F4-BC59-B3C8BD87C334}.Debug|x64.ActiveCfg = Debug|Any CPU
		{38CE61E0-0B78-44F4-BC59-B3C8BD87C334}.Debug|x64.Build.0 = Debug|Any CPU
		{38CE61E0-0B78-44F4-BC59-B3C8BD87C334}.Debug|x86.ActiveCfg = Debug|Any CPU
		{38CE61E0-0B78-44F4-BC59-B3C8BD87C334}.Debug|x86.Build.0 = Debug|Any CPU
		{38CE61E0-0B78-44F4-BC59-B3C8BD87C334}.Release|Any CPU.ActiveCfg = Release|Any CPU
		{38CE61E0-0B78-44F4-BC59-B3C8BD87C334}.Release|Any CPU.Build.0 = Release|Any CPU
		{38CE61E0-0B78-44F4-BC59-B3C8BD87C334}.Release|ARM.ActiveCfg = Release|Any CPU
		{38CE61E0-0B78-44F4-BC59-B3C8BD87C334}.Release|ARM.Build.0 = Release|Any CPU
		{38CE61E0-0B78-44F4-BC59-B3C8BD87C334}.Release|ARM64.ActiveCfg = Release|Any CPU
		{38CE61E0-0B78-44F4-BC59-B3C8BD87C334}.Release|ARM64.Build.0 = Release|Any CPU
		{38CE61E0-0B78-44F4-BC59-B3C8BD87C334}.Release|x64.ActiveCfg = Release|Any CPU
		{38CE61E0-0B78-44F4-BC59-B3C8BD87C334}.Release|x64.Build.0 = Release|Any CPU
		{38CE61E0-0B78-44F4-BC59-B3C8BD87C334}.Release|x86.ActiveCfg = Release|Any CPU
		{38CE61E0-0B78-44F4-BC59-B3C8BD87C334}.Release|x86.Build.0 = Release|Any CPU
		{93CCE398-FE8E-4A54-AE2B-3AE7C01FB970}.Debug|Any CPU.ActiveCfg = Debug|x64
		{93CCE398-FE8E-4A54-AE2B-3AE7C01FB970}.Debug|Any CPU.Build.0 = Debug|x64
		{93CCE398-FE8E-4A54-AE2B-3AE7C01FB970}.Debug|ARM.ActiveCfg = Debug|x64
		{93CCE398-FE8E-4A54-AE2B-3AE7C01FB970}.Debug|ARM.Build.0 = Debug|x64
		{93CCE398-FE8E-4A54-AE2B-3AE7C01FB970}.Debug|ARM64.ActiveCfg = Debug|x64
		{93CCE398-FE8E-4A54-AE2B-3AE7C01FB970}.Debug|ARM64.Build.0 = Debug|x64
		{93CCE398-FE8E-4A54-AE2B-3AE7C01FB970}.Debug|x64.ActiveCfg = Debug|x64
		{93CCE398-FE8E-4A54-AE2B-3AE7C01FB970}.Debug|x64.Build.0 = Debug|x64
		{93CCE398-FE8E-4A54-AE2B-3AE7C01FB970}.Debug|x86.ActiveCfg = Debug|Win32
		{93CCE398-FE8E-4A54-AE2B-3AE7C01FB970}.Debug|x86.Build.0 = Debug|Win32
		{93CCE398-FE8E-4A54-AE2B-3AE7C01FB970}.Release|Any CPU.ActiveCfg = Release|x64
		{93CCE398-FE8E-4A54-AE2B-3AE7C01FB970}.Release|Any CPU.Build.0 = Release|x64
		{93CCE398-FE8E-4A54-AE2B-3AE7C01FB970}.Release|ARM.ActiveCfg = Release|x64
		{93CCE398-FE8E-4A54-AE2B-3AE7C01FB970}.Release|ARM.Build.0 = Release|x64
		{93CCE398-FE8E-4A54-AE2B-3AE7C01FB970}.Release|ARM64.ActiveCfg = Release|x64
		{93CCE398-FE8E-4A54-AE2B-3AE7C01FB970}.Release|ARM64.Build.0 = Release|x64
		{93CCE398-FE8E-4A54-AE2B-3AE7C01FB970}.Release|x64.ActiveCfg = Release|x64
		{93CCE398-FE8E-4A54-AE2B-3AE7C01FB970}.Release|x64.Build.0 = Release|x64
		{93CCE398-FE8E-4A54-AE2B-3AE7C01FB970}.Release|x86.ActiveCfg = Release|Win32
		{93CCE398-FE8E-4A54-AE2B-3AE7C01FB970}.Release|x86.Build.0 = Release|Win32
		{779CBB8B-55B1-43AD-AB73-F0DB42271839}.Debug|Any CPU.ActiveCfg = Debug|Any CPU
		{779CBB8B-55B1-43AD-AB73-F0DB42271839}.Debug|Any CPU.Build.0 = Debug|Any CPU
		{779CBB8B-55B1-43AD-AB73-F0DB42271839}.Debug|ARM.ActiveCfg = Debug|Any CPU
		{779CBB8B-55B1-43AD-AB73-F0DB42271839}.Debug|ARM.Build.0 = Debug|Any CPU
		{779CBB8B-55B1-43AD-AB73-F0DB42271839}.Debug|ARM64.ActiveCfg = Debug|Any CPU
		{779CBB8B-55B1-43AD-AB73-F0DB42271839}.Debug|ARM64.Build.0 = Debug|Any CPU
		{779CBB8B-55B1-43AD-AB73-F0DB42271839}.Debug|x64.ActiveCfg = Debug|Any CPU
		{779CBB8B-55B1-43AD-AB73-F0DB42271839}.Debug|x64.Build.0 = Debug|Any CPU
		{779CBB8B-55B1-43AD-AB73-F0DB42271839}.Debug|x86.ActiveCfg = Debug|Any CPU
		{779CBB8B-55B1-43AD-AB73-F0DB42271839}.Debug|x86.Build.0 = Debug|Any CPU
		{779CBB8B-55B1-43AD-AB73-F0DB42271839}.Release|Any CPU.ActiveCfg = Release|Any CPU
		{779CBB8B-55B1-43AD-AB73-F0DB42271839}.Release|Any CPU.Build.0 = Release|Any CPU
		{779CBB8B-55B1-43AD-AB73-F0DB42271839}.Release|ARM.ActiveCfg = Release|Any CPU
		{779CBB8B-55B1-43AD-AB73-F0DB42271839}.Release|ARM.Build.0 = Release|Any CPU
		{779CBB8B-55B1-43AD-AB73-F0DB42271839}.Release|ARM64.ActiveCfg = Release|Any CPU
		{779CBB8B-55B1-43AD-AB73-F0DB42271839}.Release|ARM64.Build.0 = Release|Any CPU
		{779CBB8B-55B1-43AD-AB73-F0DB42271839}.Release|x64.ActiveCfg = Release|Any CPU
		{779CBB8B-55B1-43AD-AB73-F0DB42271839}.Release|x64.Build.0 = Release|Any CPU
		{779CBB8B-55B1-43AD-AB73-F0DB42271839}.Release|x86.ActiveCfg = Release|Any CPU
		{779CBB8B-55B1-43AD-AB73-F0DB42271839}.Release|x86.Build.0 = Release|Any CPU
		{581404C0-464C-45FB-8F91-F666E1F0C5C7}.Debug|Any CPU.ActiveCfg = Debug|Any CPU
		{581404C0-464C-45FB-8F91-F666E1F0C5C7}.Debug|Any CPU.Build.0 = Debug|Any CPU
		{581404C0-464C-45FB-8F91-F666E1F0C5C7}.Debug|ARM.ActiveCfg = Debug|Any CPU
		{581404C0-464C-45FB-8F91-F666E1F0C5C7}.Debug|ARM.Build.0 = Debug|Any CPU
		{581404C0-464C-45FB-8F91-F666E1F0C5C7}.Debug|ARM64.ActiveCfg = Debug|Any CPU
		{581404C0-464C-45FB-8F91-F666E1F0C5C7}.Debug|ARM64.Build.0 = Debug|Any CPU
		{581404C0-464C-45FB-8F91-F666E1F0C5C7}.Debug|x64.ActiveCfg = Debug|Any CPU
		{581404C0-464C-45FB-8F91-F666E1F0C5C7}.Debug|x64.Build.0 = Debug|Any CPU
		{581404C0-464C-45FB-8F91-F666E1F0C5C7}.Debug|x86.ActiveCfg = Debug|Any CPU
		{581404C0-464C-45FB-8F91-F666E1F0C5C7}.Debug|x86.Build.0 = Debug|Any CPU
		{581404C0-464C-45FB-8F91-F666E1F0C5C7}.Release|Any CPU.ActiveCfg = Release|Any CPU
		{581404C0-464C-45FB-8F91-F666E1F0C5C7}.Release|Any CPU.Build.0 = Release|Any CPU
		{581404C0-464C-45FB-8F91-F666E1F0C5C7}.Release|ARM.ActiveCfg = Release|Any CPU
		{581404C0-464C-45FB-8F91-F666E1F0C5C7}.Release|ARM.Build.0 = Release|Any CPU
		{581404C0-464C-45FB-8F91-F666E1F0C5C7}.Release|ARM64.ActiveCfg = Release|Any CPU
		{581404C0-464C-45FB-8F91-F666E1F0C5C7}.Release|ARM64.Build.0 = Release|Any CPU
		{581404C0-464C-45FB-8F91-F666E1F0C5C7}.Release|x64.ActiveCfg = Release|Any CPU
		{581404C0-464C-45FB-8F91-F666E1F0C5C7}.Release|x64.Build.0 = Release|Any CPU
		{581404C0-464C-45FB-8F91-F666E1F0C5C7}.Release|x86.ActiveCfg = Release|Any CPU
		{581404C0-464C-45FB-8F91-F666E1F0C5C7}.Release|x86.Build.0 = Release|Any CPU
		{B6B23996-1709-4B95-8AF4-82F58627A100}.Debug|Any CPU.ActiveCfg = Debug|x64
		{B6B23996-1709-4B95-8AF4-82F58627A100}.Debug|Any CPU.Build.0 = Debug|x64
		{B6B23996-1709-4B95-8AF4-82F58627A100}.Debug|ARM.ActiveCfg = Debug|x64
		{B6B23996-1709-4B95-8AF4-82F58627A100}.Debug|ARM.Build.0 = Debug|x64
		{B6B23996-1709-4B95-8AF4-82F58627A100}.Debug|ARM64.ActiveCfg = Debug|x64
		{B6B23996-1709-4B95-8AF4-82F58627A100}.Debug|ARM64.Build.0 = Debug|x64
		{B6B23996-1709-4B95-8AF4-82F58627A100}.Debug|x64.ActiveCfg = Debug|x64
		{B6B23996-1709-4B95-8AF4-82F58627A100}.Debug|x64.Build.0 = Debug|x64
		{B6B23996-1709-4B95-8AF4-82F58627A100}.Debug|x86.ActiveCfg = Debug|Win32
		{B6B23996-1709-4B95-8AF4-82F58627A100}.Debug|x86.Build.0 = Debug|Win32
		{B6B23996-1709-4B95-8AF4-82F58627A100}.Release|Any CPU.ActiveCfg = Release|x64
		{B6B23996-1709-4B95-8AF4-82F58627A100}.Release|Any CPU.Build.0 = Release|x64
		{B6B23996-1709-4B95-8AF4-82F58627A100}.Release|ARM.ActiveCfg = Release|x64
		{B6B23996-1709-4B95-8AF4-82F58627A100}.Release|ARM.Build.0 = Release|x64
		{B6B23996-1709-4B95-8AF4-82F58627A100}.Release|ARM64.ActiveCfg = Release|x64
		{B6B23996-1709-4B95-8AF4-82F58627A100}.Release|ARM64.Build.0 = Release|x64
		{B6B23996-1709-4B95-8AF4-82F58627A100}.Release|x64.ActiveCfg = Release|x64
		{B6B23996-1709-4B95-8AF4-82F58627A100}.Release|x64.Build.0 = Release|x64
		{B6B23996-1709-4B95-8AF4-82F58627A100}.Release|x86.ActiveCfg = Release|Win32
		{B6B23996-1709-4B95-8AF4-82F58627A100}.Release|x86.Build.0 = Release|Win32
		{37F1FF76-3D10-4F49-9F31-817444CD1002}.Debug|Any CPU.ActiveCfg = Debug|Any CPU
		{37F1FF76-3D10-4F49-9F31-817444CD1002}.Debug|Any CPU.Build.0 = Debug|Any CPU
		{37F1FF76-3D10-4F49-9F31-817444CD1002}.Debug|ARM.ActiveCfg = Debug|Any CPU
		{37F1FF76-3D10-4F49-9F31-817444CD1002}.Debug|ARM.Build.0 = Debug|Any CPU
		{37F1FF76-3D10-4F49-9F31-817444CD1002}.Debug|ARM64.ActiveCfg = Debug|Any CPU
		{37F1FF76-3D10-4F49-9F31-817444CD1002}.Debug|ARM64.Build.0 = Debug|Any CPU
		{37F1FF76-3D10-4F49-9F31-817444CD1002}.Debug|x64.ActiveCfg = Debug|Any CPU
		{37F1FF76-3D10-4F49-9F31-817444CD1002}.Debug|x64.Build.0 = Debug|Any CPU
		{37F1FF76-3D10-4F49-9F31-817444CD1002}.Debug|x86.ActiveCfg = Debug|Any CPU
		{37F1FF76-3D10-4F49-9F31-817444CD1002}.Debug|x86.Build.0 = Debug|Any CPU
		{37F1FF76-3D10-4F49-9F31-817444CD1002}.Release|Any CPU.ActiveCfg = Release|Any CPU
		{37F1FF76-3D10-4F49-9F31-817444CD1002}.Release|Any CPU.Build.0 = Release|Any CPU
		{37F1FF76-3D10-4F49-9F31-817444CD1002}.Release|ARM.ActiveCfg = Release|Any CPU
		{37F1FF76-3D10-4F49-9F31-817444CD1002}.Release|ARM.Build.0 = Release|Any CPU
		{37F1FF76-3D10-4F49-9F31-817444CD1002}.Release|ARM64.ActiveCfg = Release|Any CPU
		{37F1FF76-3D10-4F49-9F31-817444CD1002}.Release|ARM64.Build.0 = Release|Any CPU
		{37F1FF76-3D10-4F49-9F31-817444CD1002}.Release|x64.ActiveCfg = Release|Any CPU
		{37F1FF76-3D10-4F49-9F31-817444CD1002}.Release|x64.Build.0 = Release|Any CPU
		{37F1FF76-3D10-4F49-9F31-817444CD1002}.Release|x86.ActiveCfg = Release|Any CPU
		{37F1FF76-3D10-4F49-9F31-817444CD1002}.Release|x86.Build.0 = Release|Any CPU
		{6F2042A2-5B59-46F0-9F41-ED26E2C50FDB}.Debug|Any CPU.ActiveCfg = Debug|Any CPU
		{6F2042A2-5B59-46F0-9F41-ED26E2C50FDB}.Debug|Any CPU.Build.0 = Debug|Any CPU
		{6F2042A2-5B59-46F0-9F41-ED26E2C50FDB}.Debug|ARM.ActiveCfg = Debug|Any CPU
		{6F2042A2-5B59-46F0-9F41-ED26E2C50FDB}.Debug|ARM.Build.0 = Debug|Any CPU
		{6F2042A2-5B59-46F0-9F41-ED26E2C50FDB}.Debug|ARM64.ActiveCfg = Debug|Any CPU
		{6F2042A2-5B59-46F0-9F41-ED26E2C50FDB}.Debug|ARM64.Build.0 = Debug|Any CPU
		{6F2042A2-5B59-46F0-9F41-ED26E2C50FDB}.Debug|x64.ActiveCfg = Debug|Any CPU
		{6F2042A2-5B59-46F0-9F41-ED26E2C50FDB}.Debug|x64.Build.0 = Debug|Any CPU
		{6F2042A2-5B59-46F0-9F41-ED26E2C50FDB}.Debug|x86.ActiveCfg = Debug|Any CPU
		{6F2042A2-5B59-46F0-9F41-ED26E2C50FDB}.Debug|x86.Build.0 = Debug|Any CPU
		{6F2042A2-5B59-46F0-9F41-ED26E2C50FDB}.Release|Any CPU.ActiveCfg = Release|Any CPU
		{6F2042A2-5B59-46F0-9F41-ED26E2C50FDB}.Release|Any CPU.Build.0 = Release|Any CPU
		{6F2042A2-5B59-46F0-9F41-ED26E2C50FDB}.Release|ARM.ActiveCfg = Release|Any CPU
		{6F2042A2-5B59-46F0-9F41-ED26E2C50FDB}.Release|ARM.Build.0 = Release|Any CPU
		{6F2042A2-5B59-46F0-9F41-ED26E2C50FDB}.Release|ARM64.ActiveCfg = Release|Any CPU
		{6F2042A2-5B59-46F0-9F41-ED26E2C50FDB}.Release|ARM64.Build.0 = Release|Any CPU
		{6F2042A2-5B59-46F0-9F41-ED26E2C50FDB}.Release|x64.ActiveCfg = Release|Any CPU
		{6F2042A2-5B59-46F0-9F41-ED26E2C50FDB}.Release|x64.Build.0 = Release|Any CPU
		{6F2042A2-5B59-46F0-9F41-ED26E2C50FDB}.Release|x86.ActiveCfg = Release|Any CPU
		{6F2042A2-5B59-46F0-9F41-ED26E2C50FDB}.Release|x86.Build.0 = Release|Any CPU
		{004F2A48-E919-49FB-876D-BB046BA940CD}.Debug|Any CPU.ActiveCfg = Debug|Any CPU
		{004F2A48-E919-49FB-876D-BB046BA940CD}.Debug|Any CPU.Build.0 = Debug|Any CPU
		{004F2A48-E919-49FB-876D-BB046BA940CD}.Debug|ARM.ActiveCfg = Debug|Any CPU
		{004F2A48-E919-49FB-876D-BB046BA940CD}.Debug|ARM.Build.0 = Debug|Any CPU
		{004F2A48-E919-49FB-876D-BB046BA940CD}.Debug|ARM64.ActiveCfg = Debug|Any CPU
		{004F2A48-E919-49FB-876D-BB046BA940CD}.Debug|ARM64.Build.0 = Debug|Any CPU
		{004F2A48-E919-49FB-876D-BB046BA940CD}.Debug|x64.ActiveCfg = Debug|Any CPU
		{004F2A48-E919-49FB-876D-BB046BA940CD}.Debug|x64.Build.0 = Debug|Any CPU
		{004F2A48-E919-49FB-876D-BB046BA940CD}.Debug|x86.ActiveCfg = Debug|Any CPU
		{004F2A48-E919-49FB-876D-BB046BA940CD}.Debug|x86.Build.0 = Debug|Any CPU
		{004F2A48-E919-49FB-876D-BB046BA940CD}.Release|Any CPU.ActiveCfg = Release|Any CPU
		{004F2A48-E919-49FB-876D-BB046BA940CD}.Release|Any CPU.Build.0 = Release|Any CPU
		{004F2A48-E919-49FB-876D-BB046BA940CD}.Release|ARM.ActiveCfg = Release|Any CPU
		{004F2A48-E919-49FB-876D-BB046BA940CD}.Release|ARM.Build.0 = Release|Any CPU
		{004F2A48-E919-49FB-876D-BB046BA940CD}.Release|ARM64.ActiveCfg = Release|Any CPU
		{004F2A48-E919-49FB-876D-BB046BA940CD}.Release|ARM64.Build.0 = Release|Any CPU
		{004F2A48-E919-49FB-876D-BB046BA940CD}.Release|x64.ActiveCfg = Release|Any CPU
		{004F2A48-E919-49FB-876D-BB046BA940CD}.Release|x64.Build.0 = Release|Any CPU
		{004F2A48-E919-49FB-876D-BB046BA940CD}.Release|x86.ActiveCfg = Release|Any CPU
		{004F2A48-E919-49FB-876D-BB046BA940CD}.Release|x86.Build.0 = Release|Any CPU
		{3841386C-CDEC-45DB-A1F9-B1F08DDADB75}.Debug|Any CPU.ActiveCfg = Debug|Any CPU
		{3841386C-CDEC-45DB-A1F9-B1F08DDADB75}.Debug|Any CPU.Build.0 = Debug|Any CPU
		{3841386C-CDEC-45DB-A1F9-B1F08DDADB75}.Debug|ARM.ActiveCfg = Debug|Any CPU
		{3841386C-CDEC-45DB-A1F9-B1F08DDADB75}.Debug|ARM.Build.0 = Debug|Any CPU
		{3841386C-CDEC-45DB-A1F9-B1F08DDADB75}.Debug|ARM64.ActiveCfg = Debug|Any CPU
		{3841386C-CDEC-45DB-A1F9-B1F08DDADB75}.Debug|ARM64.Build.0 = Debug|Any CPU
		{3841386C-CDEC-45DB-A1F9-B1F08DDADB75}.Debug|x64.ActiveCfg = Debug|Any CPU
		{3841386C-CDEC-45DB-A1F9-B1F08DDADB75}.Debug|x64.Build.0 = Debug|Any CPU
		{3841386C-CDEC-45DB-A1F9-B1F08DDADB75}.Debug|x86.ActiveCfg = Debug|Any CPU
		{3841386C-CDEC-45DB-A1F9-B1F08DDADB75}.Debug|x86.Build.0 = Debug|Any CPU
		{3841386C-CDEC-45DB-A1F9-B1F08DDADB75}.Release|Any CPU.ActiveCfg = Release|Any CPU
		{3841386C-CDEC-45DB-A1F9-B1F08DDADB75}.Release|Any CPU.Build.0 = Release|Any CPU
		{3841386C-CDEC-45DB-A1F9-B1F08DDADB75}.Release|ARM.ActiveCfg = Release|Any CPU
		{3841386C-CDEC-45DB-A1F9-B1F08DDADB75}.Release|ARM.Build.0 = Release|Any CPU
		{3841386C-CDEC-45DB-A1F9-B1F08DDADB75}.Release|ARM64.ActiveCfg = Release|Any CPU
		{3841386C-CDEC-45DB-A1F9-B1F08DDADB75}.Release|ARM64.Build.0 = Release|Any CPU
		{3841386C-CDEC-45DB-A1F9-B1F08DDADB75}.Release|x64.ActiveCfg = Release|Any CPU
		{3841386C-CDEC-45DB-A1F9-B1F08DDADB75}.Release|x64.Build.0 = Release|Any CPU
		{3841386C-CDEC-45DB-A1F9-B1F08DDADB75}.Release|x86.ActiveCfg = Release|Any CPU
		{3841386C-CDEC-45DB-A1F9-B1F08DDADB75}.Release|x86.Build.0 = Release|Any CPU
		{702F7E81-C279-485F-A0DB-95CF22E5B23C}.Debug|Any CPU.ActiveCfg = Debug|Any CPU
		{702F7E81-C279-485F-A0DB-95CF22E5B23C}.Debug|Any CPU.Build.0 = Debug|Any CPU
		{702F7E81-C279-485F-A0DB-95CF22E5B23C}.Debug|ARM.ActiveCfg = Debug|Any CPU
		{702F7E81-C279-485F-A0DB-95CF22E5B23C}.Debug|ARM.Build.0 = Debug|Any CPU
		{702F7E81-C279-485F-A0DB-95CF22E5B23C}.Debug|ARM64.ActiveCfg = Debug|Any CPU
		{702F7E81-C279-485F-A0DB-95CF22E5B23C}.Debug|ARM64.Build.0 = Debug|Any CPU
		{702F7E81-C279-485F-A0DB-95CF22E5B23C}.Debug|x64.ActiveCfg = Debug|Any CPU
		{702F7E81-C279-485F-A0DB-95CF22E5B23C}.Debug|x64.Build.0 = Debug|Any CPU
		{702F7E81-C279-485F-A0DB-95CF22E5B23C}.Debug|x86.ActiveCfg = Debug|Any CPU
		{702F7E81-C279-485F-A0DB-95CF22E5B23C}.Debug|x86.Build.0 = Debug|Any CPU
		{702F7E81-C279-485F-A0DB-95CF22E5B23C}.Release|Any CPU.ActiveCfg = Release|Any CPU
		{702F7E81-C279-485F-A0DB-95CF22E5B23C}.Release|Any CPU.Build.0 = Release|Any CPU
		{702F7E81-C279-485F-A0DB-95CF22E5B23C}.Release|ARM.ActiveCfg = Release|Any CPU
		{702F7E81-C279-485F-A0DB-95CF22E5B23C}.Release|ARM.Build.0 = Release|Any CPU
		{702F7E81-C279-485F-A0DB-95CF22E5B23C}.Release|ARM64.ActiveCfg = Release|Any CPU
		{702F7E81-C279-485F-A0DB-95CF22E5B23C}.Release|ARM64.Build.0 = Release|Any CPU
		{702F7E81-C279-485F-A0DB-95CF22E5B23C}.Release|x64.ActiveCfg = Release|Any CPU
		{702F7E81-C279-485F-A0DB-95CF22E5B23C}.Release|x64.Build.0 = Release|Any CPU
		{702F7E81-C279-485F-A0DB-95CF22E5B23C}.Release|x86.ActiveCfg = Release|Any CPU
		{702F7E81-C279-485F-A0DB-95CF22E5B23C}.Release|x86.Build.0 = Release|Any CPU
		{E389BB9F-B706-4A6E-BF0D-3059C1695B50}.Debug|Any CPU.ActiveCfg = Debug|Any CPU
		{E389BB9F-B706-4A6E-BF0D-3059C1695B50}.Debug|Any CPU.Build.0 = Debug|Any CPU
		{E389BB9F-B706-4A6E-BF0D-3059C1695B50}.Debug|ARM.ActiveCfg = Debug|Any CPU
		{E389BB9F-B706-4A6E-BF0D-3059C1695B50}.Debug|ARM.Build.0 = Debug|Any CPU
		{E389BB9F-B706-4A6E-BF0D-3059C1695B50}.Debug|ARM64.ActiveCfg = Debug|Any CPU
		{E389BB9F-B706-4A6E-BF0D-3059C1695B50}.Debug|ARM64.Build.0 = Debug|Any CPU
		{E389BB9F-B706-4A6E-BF0D-3059C1695B50}.Debug|x64.ActiveCfg = Debug|Any CPU
		{E389BB9F-B706-4A6E-BF0D-3059C1695B50}.Debug|x64.Build.0 = Debug|Any CPU
		{E389BB9F-B706-4A6E-BF0D-3059C1695B50}.Debug|x86.ActiveCfg = Debug|Any CPU
		{E389BB9F-B706-4A6E-BF0D-3059C1695B50}.Debug|x86.Build.0 = Debug|Any CPU
		{E389BB9F-B706-4A6E-BF0D-3059C1695B50}.Release|Any CPU.ActiveCfg = Release|Any CPU
		{E389BB9F-B706-4A6E-BF0D-3059C1695B50}.Release|Any CPU.Build.0 = Release|Any CPU
		{E389BB9F-B706-4A6E-BF0D-3059C1695B50}.Release|ARM.ActiveCfg = Release|Any CPU
		{E389BB9F-B706-4A6E-BF0D-3059C1695B50}.Release|ARM.Build.0 = Release|Any CPU
		{E389BB9F-B706-4A6E-BF0D-3059C1695B50}.Release|ARM64.ActiveCfg = Release|Any CPU
		{E389BB9F-B706-4A6E-BF0D-3059C1695B50}.Release|ARM64.Build.0 = Release|Any CPU
		{E389BB9F-B706-4A6E-BF0D-3059C1695B50}.Release|x64.ActiveCfg = Release|Any CPU
		{E389BB9F-B706-4A6E-BF0D-3059C1695B50}.Release|x64.Build.0 = Release|Any CPU
		{E389BB9F-B706-4A6E-BF0D-3059C1695B50}.Release|x86.ActiveCfg = Release|Any CPU
		{E389BB9F-B706-4A6E-BF0D-3059C1695B50}.Release|x86.Build.0 = Release|Any CPU
		{29376276-7D57-4D65-AF12-4DB7D6AE36B3}.Debug|Any CPU.ActiveCfg = Debug|Any CPU
		{29376276-7D57-4D65-AF12-4DB7D6AE36B3}.Debug|Any CPU.Build.0 = Debug|Any CPU
		{29376276-7D57-4D65-AF12-4DB7D6AE36B3}.Debug|ARM.ActiveCfg = Debug|Any CPU
		{29376276-7D57-4D65-AF12-4DB7D6AE36B3}.Debug|ARM.Build.0 = Debug|Any CPU
		{29376276-7D57-4D65-AF12-4DB7D6AE36B3}.Debug|ARM64.ActiveCfg = Debug|Any CPU
		{29376276-7D57-4D65-AF12-4DB7D6AE36B3}.Debug|ARM64.Build.0 = Debug|Any CPU
		{29376276-7D57-4D65-AF12-4DB7D6AE36B3}.Debug|x64.ActiveCfg = Debug|Any CPU
		{29376276-7D57-4D65-AF12-4DB7D6AE36B3}.Debug|x64.Build.0 = Debug|Any CPU
		{29376276-7D57-4D65-AF12-4DB7D6AE36B3}.Debug|x86.ActiveCfg = Debug|Any CPU
		{29376276-7D57-4D65-AF12-4DB7D6AE36B3}.Debug|x86.Build.0 = Debug|Any CPU
		{29376276-7D57-4D65-AF12-4DB7D6AE36B3}.Release|Any CPU.ActiveCfg = Release|Any CPU
		{29376276-7D57-4D65-AF12-4DB7D6AE36B3}.Release|Any CPU.Build.0 = Release|Any CPU
		{29376276-7D57-4D65-AF12-4DB7D6AE36B3}.Release|ARM.ActiveCfg = Release|Any CPU
		{29376276-7D57-4D65-AF12-4DB7D6AE36B3}.Release|ARM.Build.0 = Release|Any CPU
		{29376276-7D57-4D65-AF12-4DB7D6AE36B3}.Release|ARM64.ActiveCfg = Release|Any CPU
		{29376276-7D57-4D65-AF12-4DB7D6AE36B3}.Release|ARM64.Build.0 = Release|Any CPU
		{29376276-7D57-4D65-AF12-4DB7D6AE36B3}.Release|x64.ActiveCfg = Release|Any CPU
		{29376276-7D57-4D65-AF12-4DB7D6AE36B3}.Release|x64.Build.0 = Release|Any CPU
		{29376276-7D57-4D65-AF12-4DB7D6AE36B3}.Release|x86.ActiveCfg = Release|Any CPU
		{29376276-7D57-4D65-AF12-4DB7D6AE36B3}.Release|x86.Build.0 = Release|Any CPU
		{1B7E2CA4-28A3-4669-9940-8AA81C8DD9DC}.Debug|Any CPU.ActiveCfg = Debug|Any CPU
		{1B7E2CA4-28A3-4669-9940-8AA81C8DD9DC}.Debug|Any CPU.Build.0 = Debug|Any CPU
		{1B7E2CA4-28A3-4669-9940-8AA81C8DD9DC}.Debug|ARM.ActiveCfg = Debug|Any CPU
		{1B7E2CA4-28A3-4669-9940-8AA81C8DD9DC}.Debug|ARM.Build.0 = Debug|Any CPU
		{1B7E2CA4-28A3-4669-9940-8AA81C8DD9DC}.Debug|ARM64.ActiveCfg = Debug|Any CPU
		{1B7E2CA4-28A3-4669-9940-8AA81C8DD9DC}.Debug|ARM64.Build.0 = Debug|Any CPU
		{1B7E2CA4-28A3-4669-9940-8AA81C8DD9DC}.Debug|x64.ActiveCfg = Debug|Any CPU
		{1B7E2CA4-28A3-4669-9940-8AA81C8DD9DC}.Debug|x64.Build.0 = Debug|Any CPU
		{1B7E2CA4-28A3-4669-9940-8AA81C8DD9DC}.Debug|x86.ActiveCfg = Debug|Any CPU
		{1B7E2CA4-28A3-4669-9940-8AA81C8DD9DC}.Debug|x86.Build.0 = Debug|Any CPU
		{1B7E2CA4-28A3-4669-9940-8AA81C8DD9DC}.Release|Any CPU.ActiveCfg = Release|Any CPU
		{1B7E2CA4-28A3-4669-9940-8AA81C8DD9DC}.Release|Any CPU.Build.0 = Release|Any CPU
		{1B7E2CA4-28A3-4669-9940-8AA81C8DD9DC}.Release|ARM.ActiveCfg = Release|Any CPU
		{1B7E2CA4-28A3-4669-9940-8AA81C8DD9DC}.Release|ARM.Build.0 = Release|Any CPU
		{1B7E2CA4-28A3-4669-9940-8AA81C8DD9DC}.Release|ARM64.ActiveCfg = Release|Any CPU
		{1B7E2CA4-28A3-4669-9940-8AA81C8DD9DC}.Release|ARM64.Build.0 = Release|Any CPU
		{1B7E2CA4-28A3-4669-9940-8AA81C8DD9DC}.Release|x64.ActiveCfg = Release|Any CPU
		{1B7E2CA4-28A3-4669-9940-8AA81C8DD9DC}.Release|x64.Build.0 = Release|Any CPU
		{1B7E2CA4-28A3-4669-9940-8AA81C8DD9DC}.Release|x86.ActiveCfg = Release|Any CPU
		{1B7E2CA4-28A3-4669-9940-8AA81C8DD9DC}.Release|x86.Build.0 = Release|Any CPU
	EndGlobalSection
	GlobalSection(SolutionProperties) = preSolution
		HideSolutionNode = FALSE
	EndGlobalSection
	GlobalSection(ExtensibilityGlobals) = postSolution
		SolutionGuid = {992C4766-35FD-4504-BD09-E13DA3EF8677}
	EndGlobalSection
EndGlobal
